
Microsoft Visual Studio Solution File, Format Version 12.00
# Visual Studio Version 17
VisualStudioVersion = 17.3.32922.545
MinimumVisualStudioVersion = 10.0.40219.1
Project("{8BC9CEB8-8B4A-11D0-8D11-00A0C91BC942}") = "tset11_30", "tset11_30\tset11_30.vcxproj", "{CEAA5327-5B36-4FD6-A8B2-6733C72B9662}"
EndProject
Global
	GlobalSection(SolutionConfigurationPlatforms) = preSolution
		Debug|x64 = Debug|x64
		Debug|x86 = Debug|x86
		Release|x64 = Release|x64
		Release|x86 = Release|x86
	EndGlobalSection
	GlobalSection(ProjectConfigurationPlatforms) = postSolution
		{CEAA5327-5B36-4FD6-A8B2-6733C72B9662}.Debug|x64.ActiveCfg = Debug|x64
		{CEAA5327-5B36-4FD6-A8B2-6733C72B9662}.Debug|x64.Build.0 = Debug|x64
		{CEAA5327-5B36-4FD6-A8B2-6733C72B9662}.Debug|x86.ActiveCfg = Debug|Win32
		{CEAA5327-5B36-4FD6-A8B2-6733C72B9662}.Debug|x86.Build.0 = Debug|Win32
		{CEAA5327-5B36-4FD6-A8B2-6733C72B9662}.Release|x64.ActiveCfg = Release|x64
		{CEAA5327-5B36-4FD6-A8B2-6733C72B9662}.Release|x64.Build.0 = Release|x64
		{CEAA5327-5B36-4FD6-A8B2-6733C72B9662}.Release|x86.ActiveCfg = Release|Win32
		{CEAA5327-5B36-4FD6-A8B2-6733C72B9662}.Release|x86.Build.0 = Release|Win32
	EndGlobalSection
	GlobalSection(SolutionProperties) = preSolution
		HideSolutionNode = FALSE
	EndGlobalSection
	GlobalSection(ExtensibilityGlobals) = postSolution
		SolutionGuid = {9137D113-6DB0-4290-ACFF-6ED5DB7022CD}
	EndGlobalSection
EndGlobal
